
Microsoft Visual Studio Solution File, Format Version 10.00
# Visual Studio 2008
Project("{FAE04EC0-301F-11D3-BF4B-00C04F79EFBC}") = "ManagedMediaParsers", "Source\ManagedMediaParsers.csproj", "{4354547C-0008-4D2A-8644-F2ACAC9DCC85}"
EndProject
Global
	GlobalSection(SolutionConfigurationPlatforms) = preSolution
		Debug|.NET = Debug|.NET
		Debug|Any CPU = Debug|Any CPU
		Debug|Mixed Platforms = Debug|Mixed Platforms
		Release|.NET = Release|.NET
		Release|Any CPU = Release|Any CPU
		Release|Mixed Platforms = Release|Mixed Platforms
	EndGlobalSection
	GlobalSection(ProjectConfigurationPlatforms) = postSolution
		{4354547C-0008-4D2A-8644-F2ACAC9DCC85}.Debug|.NET.ActiveCfg = Debug|Any CPU
		{4354547C-0008-4D2A-8644-F2ACAC9DCC85}.Debug|Any CPU.ActiveCfg = Debug|Any CPU
		{4354547C-0008-4D2A-8644-F2ACAC9DCC85}.Debug|Any CPU.Build.0 = Debug|Any CPU
		{4354547C-0008-4D2A-8644-F2ACAC9DCC85}.Debug|Mixed Platforms.ActiveCfg = Debug|Any CPU
		{4354547C-0008-4D2A-8644-F2ACAC9DCC85}.Debug|Mixed Platforms.Build.0 = Debug|Any CPU
		{4354547C-0008-4D2A-8644-F2ACAC9DCC85}.Release|.NET.ActiveCfg = Release|Any CPU
		{4354547C-0008-4D2A-8644-F2ACAC9DCC85}.Release|Any CPU.ActiveCfg = Release|Any CPU
		{4354547C-0008-4D2A-8644-F2ACAC9DCC85}.Release|Any CPU.Build.0 = Release|Any CPU
		{4354547C-0008-4D2A-8644-F2ACAC9DCC85}.Release|Mixed Platforms.ActiveCfg = Release|Any CPU
		{4354547C-0008-4D2A-8644-F2ACAC9DCC85}.Release|Mixed Platforms.Build.0 = Release|Any CPU
	EndGlobalSection
	GlobalSection(SolutionProperties) = preSolution
		HideSolutionNode = FALSE
	EndGlobalSection
EndGlobal
