
Microsoft Visual Studio Solution File, Format Version 10.00
# Visual Studio 2008
Project("{FAE04EC0-301F-11D3-BF4B-00C04F79EFBC}") = "MediaParsers", "MediaParsers\MediaParsers.csproj", "{4354547C-0008-4D2A-8644-F2ACAC9DCC85}"
EndProject
Project("{FAE04EC0-301F-11D3-BF4B-00C04F79EFBC}") = "MediaParsersTests", "MediaParsersTests\MediaParsersTests.csproj", "{0A489EAA-2083-43A3-987E-C25DDFF5A892}"
EndProject
Project("{FAE04EC0-301F-11D3-BF4B-00C04F79EFBC}") = "Mp3MediaStreamSource", "Mp3MediaStreamSource\Mp3MediaStreamSource.csproj", "{32CC19AF-0340-48BB-AB87-11B49287240E}"
EndProject
Project("{FAE04EC0-301F-11D3-BF4B-00C04F79EFBC}") = "Mp3MediaStreamSourceDemo", "Mp3MediaStreamSourceDemo\Mp3MediaStreamSourceDemo.csproj", "{EE9132D9-0CAB-410B-92A1-F8A2A0084FC2}"
EndProject
Project("{E24C65DC-7377-472B-9ABA-BC803B73C61A}") = "Mp3MediaStreamSourceDemoWeb", "Mp3MediaStreamSourceDemoWeb\", "{E3AF5536-A407-4778-A695-EF32C41401C9}"
	ProjectSection(WebsiteProperties) = preProject
		TargetFramework = "3.5"
		Debug.AspNetCompiler.VirtualPath = "/Mp3MediaStreamSourceDemoWeb"
		Debug.AspNetCompiler.PhysicalPath = "Mp3MediaStreamSourceDemoWeb\"
		Debug.AspNetCompiler.TargetPath = "PrecompiledWeb\Mp3MediaStreamSourceDemoWeb\"
		Debug.AspNetCompiler.Updateable = "true"
		Debug.AspNetCompiler.ForceOverwrite = "true"
		Debug.AspNetCompiler.FixedNames = "false"
		Debug.AspNetCompiler.Debug = "True"
		Release.AspNetCompiler.VirtualPath = "/Mp3MediaStreamSourceDemoWeb"
		Release.AspNetCompiler.PhysicalPath = "Mp3MediaStreamSourceDemoWeb\"
		Release.AspNetCompiler.TargetPath = "PrecompiledWeb\Mp3MediaStreamSourceDemoWeb\"
		Release.AspNetCompiler.Updateable = "true"
		Release.AspNetCompiler.ForceOverwrite = "true"
		Release.AspNetCompiler.FixedNames = "false"
		Release.AspNetCompiler.Debug = "False"
		VWDPort = "57303"
		DefaultWebSiteLanguage = "Visual C#"
		ProjOutputReferences = "{EE9132D9-0CAB-410B-92A1-F8A2A0084FC2}|ClientBin|false;"
	EndProjectSection
EndProject
Global
	GlobalSection(SolutionConfigurationPlatforms) = preSolution
		Debug|.NET = Debug|.NET
		Debug|Any CPU = Debug|Any CPU
		Debug|Mixed Platforms = Debug|Mixed Platforms
		Release|.NET = Release|.NET
		Release|Any CPU = Release|Any CPU
		Release|Mixed Platforms = Release|Mixed Platforms
	EndGlobalSection
	GlobalSection(ProjectConfigurationPlatforms) = postSolution
		{4354547C-0008-4D2A-8644-F2ACAC9DCC85}.Debug|.NET.ActiveCfg = Debug|Any CPU
		{4354547C-0008-4D2A-8644-F2ACAC9DCC85}.Debug|Any CPU.ActiveCfg = Debug|Any CPU
		{4354547C-0008-4D2A-8644-F2ACAC9DCC85}.Debug|Any CPU.Build.0 = Debug|Any CPU
		{4354547C-0008-4D2A-8644-F2ACAC9DCC85}.Debug|Mixed Platforms.ActiveCfg = Debug|Any CPU
		{4354547C-0008-4D2A-8644-F2ACAC9DCC85}.Debug|Mixed Platforms.Build.0 = Debug|Any CPU
		{4354547C-0008-4D2A-8644-F2ACAC9DCC85}.Release|.NET.ActiveCfg = Release|Any CPU
		{4354547C-0008-4D2A-8644-F2ACAC9DCC85}.Release|Any CPU.ActiveCfg = Release|Any CPU
		{4354547C-0008-4D2A-8644-F2ACAC9DCC85}.Release|Any CPU.Build.0 = Release|Any CPU
		{4354547C-0008-4D2A-8644-F2ACAC9DCC85}.Release|Mixed Platforms.ActiveCfg = Release|Any CPU
		{4354547C-0008-4D2A-8644-F2ACAC9DCC85}.Release|Mixed Platforms.Build.0 = Release|Any CPU
		{0A489EAA-2083-43A3-987E-C25DDFF5A892}.Debug|.NET.ActiveCfg = Debug|Any CPU
		{0A489EAA-2083-43A3-987E-C25DDFF5A892}.Debug|Any CPU.ActiveCfg = Debug|Any CPU
		{0A489EAA-2083-43A3-987E-C25DDFF5A892}.Debug|Any CPU.Build.0 = Debug|Any CPU
		{0A489EAA-2083-43A3-987E-C25DDFF5A892}.Debug|Mixed Platforms.ActiveCfg = Debug|Any CPU
		{0A489EAA-2083-43A3-987E-C25DDFF5A892}.Debug|Mixed Platforms.Build.0 = Debug|Any CPU
		{0A489EAA-2083-43A3-987E-C25DDFF5A892}.Release|.NET.ActiveCfg = Release|Any CPU
		{0A489EAA-2083-43A3-987E-C25DDFF5A892}.Release|Any CPU.ActiveCfg = Release|Any CPU
		{0A489EAA-2083-43A3-987E-C25DDFF5A892}.Release|Any CPU.Build.0 = Release|Any CPU
		{0A489EAA-2083-43A3-987E-C25DDFF5A892}.Release|Mixed Platforms.ActiveCfg = Release|Any CPU
		{0A489EAA-2083-43A3-987E-C25DDFF5A892}.Release|Mixed Platforms.Build.0 = Release|Any CPU
		{32CC19AF-0340-48BB-AB87-11B49287240E}.Debug|.NET.ActiveCfg = Debug|Any CPU
		{32CC19AF-0340-48BB-AB87-11B49287240E}.Debug|Any CPU.ActiveCfg = Debug|Any CPU
		{32CC19AF-0340-48BB-AB87-11B49287240E}.Debug|Any CPU.Build.0 = Debug|Any CPU
		{32CC19AF-0340-48BB-AB87-11B49287240E}.Debug|Mixed Platforms.ActiveCfg = Debug|Any CPU
		{32CC19AF-0340-48BB-AB87-11B49287240E}.Debug|Mixed Platforms.Build.0 = Debug|Any CPU
		{32CC19AF-0340-48BB-AB87-11B49287240E}.Release|.NET.ActiveCfg = Release|Any CPU
		{32CC19AF-0340-48BB-AB87-11B49287240E}.Release|Any CPU.ActiveCfg = Release|Any CPU
		{32CC19AF-0340-48BB-AB87-11B49287240E}.Release|Any CPU.Build.0 = Release|Any CPU
		{32CC19AF-0340-48BB-AB87-11B49287240E}.Release|Mixed Platforms.ActiveCfg = Release|Any CPU
		{32CC19AF-0340-48BB-AB87-11B49287240E}.Release|Mixed Platforms.Build.0 = Release|Any CPU
		{EE9132D9-0CAB-410B-92A1-F8A2A0084FC2}.Debug|.NET.ActiveCfg = Debug|Any CPU
		{EE9132D9-0CAB-410B-92A1-F8A2A0084FC2}.Debug|Any CPU.ActiveCfg = Debug|Any CPU
		{EE9132D9-0CAB-410B-92A1-F8A2A0084FC2}.Debug|Any CPU.Build.0 = Debug|Any CPU
		{EE9132D9-0CAB-410B-92A1-F8A2A0084FC2}.Debug|Mixed Platforms.ActiveCfg = Debug|Any CPU
		{EE9132D9-0CAB-410B-92A1-F8A2A0084FC2}.Debug|Mixed Platforms.Build.0 = Debug|Any CPU
		{EE9132D9-0CAB-410B-92A1-F8A2A0084FC2}.Release|.NET.ActiveCfg = Release|Any CPU
		{EE9132D9-0CAB-410B-92A1-F8A2A0084FC2}.Release|Any CPU.ActiveCfg = Release|Any CPU
		{EE9132D9-0CAB-410B-92A1-F8A2A0084FC2}.Release|Any CPU.Build.0 = Release|Any CPU
		{EE9132D9-0CAB-410B-92A1-F8A2A0084FC2}.Release|Mixed Platforms.ActiveCfg = Release|Any CPU
		{EE9132D9-0CAB-410B-92A1-F8A2A0084FC2}.Release|Mixed Platforms.Build.0 = Release|Any CPU
		{E3AF5536-A407-4778-A695-EF32C41401C9}.Debug|.NET.ActiveCfg = Debug|.NET
		{E3AF5536-A407-4778-A695-EF32C41401C9}.Debug|.NET.Build.0 = Debug|.NET
		{E3AF5536-A407-4778-A695-EF32C41401C9}.Debug|Any CPU.ActiveCfg = Debug|.NET
		{E3AF5536-A407-4778-A695-EF32C41401C9}.Debug|Mixed Platforms.ActiveCfg = Debug|.NET
		{E3AF5536-A407-4778-A695-EF32C41401C9}.Debug|Mixed Platforms.Build.0 = Debug|.NET
		{E3AF5536-A407-4778-A695-EF32C41401C9}.Release|.NET.ActiveCfg = Debug|.NET
		{E3AF5536-A407-4778-A695-EF32C41401C9}.Release|.NET.Build.0 = Debug|.NET
		{E3AF5536-A407-4778-A695-EF32C41401C9}.Release|Any CPU.ActiveCfg = Debug|.NET
		{E3AF5536-A407-4778-A695-EF32C41401C9}.Release|Mixed Platforms.ActiveCfg = Debug|.NET
		{E3AF5536-A407-4778-A695-EF32C41401C9}.Release|Mixed Platforms.Build.0 = Debug|.NET
	EndGlobalSection
	GlobalSection(SolutionProperties) = preSolution
		HideSolutionNode = FALSE
	EndGlobalSection
EndGlobal
